
Microsoft Visual Studio Solution File, Format Version 12.00
# Visual Studio Version 17
VisualStudioVersion = 17.11.35312.102
MinimumVisualStudioVersion = 10.0.40219.1
Project("{FAE04EC0-301F-11D3-BF4B-00C04F79EFBC}") = "backend", "backend.csproj", "{60B0FD93-0D46-4C26-91BC-22EF89963A72}"
EndProject
Global
	GlobalSection(SolutionConfigurationPlatforms) = preSolution
		Debug|Any CPU = Debug|Any CPU
		Release|Any CPU = Release|Any CPU
	EndGlobalSection
	GlobalSection(ProjectConfigurationPlatforms) = postSolution
		{60B0FD93-0D46-4C26-91BC-22EF89963A72}.Debug|Any CPU.ActiveCfg = Debug|Any CPU
		{60B0FD93-0D46-4C26-91BC-22EF89963A72}.Debug|Any CPU.Build.0 = Debug|Any CPU
		{60B0FD93-0D46-4C26-91BC-22EF89963A72}.Release|Any CPU.ActiveCfg = Release|Any CPU
		{60B0FD93-0D46-4C26-91BC-22EF89963A72}.Release|Any CPU.Build.0 = Release|Any CPU
	EndGlobalSection
	GlobalSection(SolutionProperties) = preSolution
		HideSolutionNode = FALSE
	EndGlobalSection
	GlobalSection(ExtensibilityGlobals) = postSolution
		SolutionGuid = {E585E34E-F20D-487F-8A52-9C97058C1419}
	EndGlobalSection
EndGlobal
